
Microsoft Visual Studio Solution File, Format Version 11.00
# Visual Studio 2010
# SharpDevelop 4.4
Project("{FAE04EC0-301F-11D3-BF4B-00C04F79EFBC}") = "Facebook Clone C#", "Facebook Clone C#\Facebook Clone C#.csproj", "{561386D2-8D47-41DA-889B-3314D2EB0486}"
EndProject
Global
	GlobalSection(SolutionConfigurationPlatforms) = preSolution
		Debug|Any CPU = Debug|Any CPU
		Release|Any CPU = Release|Any CPU
	EndGlobalSection
	GlobalSection(ProjectConfigurationPlatforms) = postSolution
		{561386D2-8D47-41DA-889B-3314D2EB0486}.Debug|Any CPU.Build.0 = Debug|Any CPU
		{561386D2-8D47-41DA-889B-3314D2EB0486}.Debug|Any CPU.ActiveCfg = Debug|Any CPU
		{561386D2-8D47-41DA-889B-3314D2EB0486}.Release|Any CPU.Build.0 = Release|Any CPU
		{561386D2-8D47-41DA-889B-3314D2EB0486}.Release|Any CPU.ActiveCfg = Release|Any CPU
	EndGlobalSection
EndGlobal
